
Microsoft Visual Studio Solution File, Format Version 12.00
# Visual Studio 15
Project("{FAE04EC0-301F-11D3-BF4B-00C04F79EFBC}") = "Assembly-CSharp-firstpass", "Assembly-CSharp-firstpass.csproj", "{33645907-63AD-CF16-4FE5-47ABF46F655B}"
EndProject
Project("{FAE04EC0-301F-11D3-BF4B-00C04F79EFBC}") = "Assembly-CSharp", "Assembly-CSharp.csproj", "{39440975-05C6-3F0B-8085-FD6A3F176B04}"
EndProject
Project("{FAE04EC0-301F-11D3-BF4B-00C04F79EFBC}") = "Assembly-CSharp-Editor-firstpass", "Assembly-CSharp-Editor-firstpass.csproj", "{91028A77-1EF4-3126-6A85-35B684FA32D9}"
EndProject
Global
	GlobalSection(SolutionConfigurationPlatforms) = preSolution
		Debug|Any CPU = Debug|Any CPU
		Release|Any CPU = Release|Any CPU
	EndGlobalSection
	GlobalSection(ProjectConfigurationPlatforms) = postSolution
		{33645907-63AD-CF16-4FE5-47ABF46F655B}.Debug|Any CPU.ActiveCfg = Debug|Any CPU
		{33645907-63AD-CF16-4FE5-47ABF46F655B}.Debug|Any CPU.Build.0 = Debug|Any CPU
		{33645907-63AD-CF16-4FE5-47ABF46F655B}.Release|Any CPU.ActiveCfg = Release|Any CPU
		{33645907-63AD-CF16-4FE5-47ABF46F655B}.Release|Any CPU.Build.0 = Release|Any CPU
		{39440975-05C6-3F0B-8085-FD6A3F176B04}.Debug|Any CPU.ActiveCfg = Debug|Any CPU
		{39440975-05C6-3F0B-8085-FD6A3F176B04}.Debug|Any CPU.Build.0 = Debug|Any CPU
		{39440975-05C6-3F0B-8085-FD6A3F176B04}.Release|Any CPU.ActiveCfg = Release|Any CPU
		{39440975-05C6-3F0B-8085-FD6A3F176B04}.Release|Any CPU.Build.0 = Release|Any CPU
		{91028A77-1EF4-3126-6A85-35B684FA32D9}.Debug|Any CPU.ActiveCfg = Debug|Any CPU
		{91028A77-1EF4-3126-6A85-35B684FA32D9}.Debug|Any CPU.Build.0 = Debug|Any CPU
		{91028A77-1EF4-3126-6A85-35B684FA32D9}.Release|Any CPU.ActiveCfg = Release|Any CPU
		{91028A77-1EF4-3126-6A85-35B684FA32D9}.Release|Any CPU.Build.0 = Release|Any CPU
	EndGlobalSection
	GlobalSection(SolutionProperties) = preSolution
		HideSolutionNode = FALSE
	EndGlobalSection
EndGlobal
